
Microsoft Visual Studio Solution File, Format Version 12.00
# Visual Studio Version 16
VisualStudioVersion = 16.0.30011.22
MinimumVisualStudioVersion = 10.0.40219.1
Project("{2150E333-8FDC-42A3-9474-1A3956D46DE8}") = "src", "src", "{BABCB0D8-AA88-43AF-A349-5B676037B4E3}"
EndProject
Project("{2150E333-8FDC-42A3-9474-1A3956D46DE8}") = "test", "test", "{69981D99-3454-46A5-BAB8-CA48BBA9FE4E}"
EndProject
Project("{FAE04EC0-301F-11D3-BF4B-00C04F79EFBC}") = "JSnippets.API", "JSnippets.API\JSnippets.API.csproj", "{BEFB74C8-9CFE-4872-8AAE-41AA4AA42860}"
EndProject
Project("{FAE04EC0-301F-11D3-BF4B-00C04F79EFBC}") = "JSnippets.API.Tests", "JSnippets.API.Tests\JSnippets.API.Tests.csproj", "{5CC609C0-B54A-4EB3-B7AE-F28AB2E0C2A6}"
EndProject
Global
	GlobalSection(SolutionConfigurationPlatforms) = preSolution
		Debug|Any CPU = Debug|Any CPU
		Release|Any CPU = Release|Any CPU
	EndGlobalSection
	GlobalSection(ProjectConfigurationPlatforms) = postSolution
		{BEFB74C8-9CFE-4872-8AAE-41AA4AA42860}.Debug|Any CPU.ActiveCfg = Debug|Any CPU
		{BEFB74C8-9CFE-4872-8AAE-41AA4AA42860}.Debug|Any CPU.Build.0 = Debug|Any CPU
		{BEFB74C8-9CFE-4872-8AAE-41AA4AA42860}.Release|Any CPU.ActiveCfg = Release|Any CPU
		{BEFB74C8-9CFE-4872-8AAE-41AA4AA42860}.Release|Any CPU.Build.0 = Release|Any CPU
		{5CC609C0-B54A-4EB3-B7AE-F28AB2E0C2A6}.Debug|Any CPU.ActiveCfg = Debug|Any CPU
		{5CC609C0-B54A-4EB3-B7AE-F28AB2E0C2A6}.Debug|Any CPU.Build.0 = Debug|Any CPU
		{5CC609C0-B54A-4EB3-B7AE-F28AB2E0C2A6}.Release|Any CPU.ActiveCfg = Release|Any CPU
		{5CC609C0-B54A-4EB3-B7AE-F28AB2E0C2A6}.Release|Any CPU.Build.0 = Release|Any CPU
	EndGlobalSection
	GlobalSection(SolutionProperties) = preSolution
		HideSolutionNode = FALSE
	EndGlobalSection
	GlobalSection(NestedProjects) = preSolution
		{BEFB74C8-9CFE-4872-8AAE-41AA4AA42860} = {BABCB0D8-AA88-43AF-A349-5B676037B4E3}
		{5CC609C0-B54A-4EB3-B7AE-F28AB2E0C2A6} = {69981D99-3454-46A5-BAB8-CA48BBA9FE4E}
	EndGlobalSection
	GlobalSection(ExtensibilityGlobals) = postSolution
		SolutionGuid = {BB7F5235-B9DD-483F-94F6-0C098CD001F6}
	EndGlobalSection
EndGlobal
